// !$*UTF8*$!
{
	archiveVersion = 1;
	classes = {
	};
	objectVersion = 48;
	objects = {

/* Begin PBXBuildFile section */
		247785166AFF08AD6394B89C /* Pods_GRDBObjcCoreMacOS.framework in Frameworks */ = {isa = PBXBuildFile; fileRef = 83042AD404118DCBC569746D /* Pods_GRDBObjcCoreMacOS.framework */; };
		5659134E1F596527006D14E5 /* NSDataTests.m in Sources */ = {isa = PBXBuildFile; fileRef = 5659133C1F596527006D14E5 /* NSDataTests.m */; };
		566FC3E31F586B6B00919F77 /* NSDateTests.m in Sources */ = {isa = PBXBuildFile; fileRef = 566FC3E21F586B6B00919F77 /* NSDateTests.m */; };
		5680BBE11F57BA5900F67DD0 /* FMDatabaseQueueTests.swift in Sources */ = {isa = PBXBuildFile; fileRef = 5680BBE01F57BA5900F67DD0 /* FMDatabaseQueueTests.swift */; };
		5687EBA51F5D6B6200B4882E /* _FMSelectStatement.swift in Sources */ = {isa = PBXBuildFile; fileRef = 5687EB8A1F5D6B0500B4882E /* _FMSelectStatement.swift */; };
		5687EBA61F5D6B6200B4882E /* _FMUpdateStatement.swift in Sources */ = {isa = PBXBuildFile; fileRef = 5687EB8B1F5D6B0500B4882E /* _FMUpdateStatement.swift */; };
		5687EBA71F5D6B6200B4882E /* FMDatabase.swift in Sources */ = {isa = PBXBuildFile; fileRef = 5687EB8C1F5D6B0500B4882E /* FMDatabase.swift */; };
		5687EBA81F5D6B6200B4882E /* FMDatabaseQueue.swift in Sources */ = {isa = PBXBuildFile; fileRef = 5687EB8D1F5D6B0500B4882E /* FMDatabaseQueue.swift */; };
		5687EBA91F5D6B6200B4882E /* FMResultSet.swift in Sources */ = {isa = PBXBuildFile; fileRef = 5687EB8E1F5D6B0500B4882E /* FMResultSet.swift */; };
		5687EBAA1F5D6B6200B4882E /* GRDBObjcBindings.h in Headers */ = {isa = PBXBuildFile; fileRef = 5687EB8F1F5D6B0500B4882E /* GRDBObjcBindings.h */; settings = {ATTRIBUTES = (Public, ); }; };
		5687EBAF1F5D6D5300B4882E /* GRDBObjc.h in Headers */ = {isa = PBXBuildFile; fileRef = 5687EB931F5D6B0500B4882E /* GRDBObjc.h */; settings = {ATTRIBUTES = (Public, ); }; };
		5687EBB01F5D6D5C00B4882E /* FMDatabase+Objc.h in Headers */ = {isa = PBXBuildFile; fileRef = 5687EB911F5D6B0500B4882E /* FMDatabase+Objc.h */; settings = {ATTRIBUTES = (Public, ); }; };
		5687EBB11F5D6E7700B4882E /* FMDatabase+Objc.m in Sources */ = {isa = PBXBuildFile; fileRef = 5687EB921F5D6B0500B4882E /* FMDatabase+Objc.m */; };
		5687EBB21F5D6ECC00B4882E /* GRDBObjcCore.framework in Frameworks */ = {isa = PBXBuildFile; fileRef = 5687EB991F5D6B2700B4882E /* GRDBObjcCore.framework */; };
		5688E2E31F62E83100DE2722 /* FMResultSet+Objc.h in Headers */ = {isa = PBXBuildFile; fileRef = 5688E2E11F62E83100DE2722 /* FMResultSet+Objc.h */; settings = {ATTRIBUTES = (Public, ); }; };
		5688E2E41F62E83100DE2722 /* FMResultSet+Objc.m in Sources */ = {isa = PBXBuildFile; fileRef = 5688E2E21F62E83100DE2722 /* FMResultSet+Objc.m */; };
		568FC2451F5538E000E176A4 /* FMDatabaseQueueTests.m in Sources */ = {isa = PBXBuildFile; fileRef = 568FC2441F5538E000E176A4 /* FMDatabaseQueueTests.m */; };
		568FC2541F55882E00E176A4 /* FMDatabaseTests.m in Sources */ = {isa = PBXBuildFile; fileRef = 568FC2531F55882E00E176A4 /* FMDatabaseTests.m */; };
		568FC2561F55B7C800E176A4 /* FMResultSetTests.m in Sources */ = {isa = PBXBuildFile; fileRef = 568FC2551F55B7C800E176A4 /* FMResultSetTests.m */; };
		56F45A021F55366F00656C1E /* GRDBObjc.framework in Frameworks */ = {isa = PBXBuildFile; fileRef = 56F459F81F55366F00656C1E /* GRDBObjc.framework */; };
		56F45A071F55366F00656C1E /* GRDBObjcTestCase.m in Sources */ = {isa = PBXBuildFile; fileRef = 56F45A061F55366F00656C1E /* GRDBObjcTestCase.m */; };
		F6641037DCF26B4A5C27A3E8 /* Pods_GRDBObjcMacOSTests.framework in Frameworks */ = {isa = PBXBuildFile; fileRef = AFBADFAEE380F43EED419842 /* Pods_GRDBObjcMacOSTests.framework */; };
/* End PBXBuildFile section */

/* Begin PBXContainerItemProxy section */
		5687EBAB1F5D6BEB00B4882E /* PBXContainerItemProxy */ = {
			isa = PBXContainerItemProxy;
			containerPortal = 56F459ED1F55359400656C1E /* Project object */;
			proxyType = 1;
			remoteGlobalIDString = 5687EB981F5D6B2700B4882E;
			remoteInfo = GRDBObjcBindingsMacOS;
		};
		5687EBAD1F5D6C8E00B4882E /* PBXContainerItemProxy */ = {
			isa = PBXContainerItemProxy;
			containerPortal = 56F459ED1F55359400656C1E /* Project object */;
			proxyType = 1;
			remoteGlobalIDString = 5687EB981F5D6B2700B4882E;
			remoteInfo = GRDBObjcBindingsMacOS;
		};
		56F45A031F55366F00656C1E /* PBXContainerItemProxy */ = {
			isa = PBXContainerItemProxy;
			containerPortal = 56F459ED1F55359400656C1E /* Project object */;
			proxyType = 1;
			remoteGlobalIDString = 56F459F71F55366F00656C1E;
			remoteInfo = GRDBObjc;
		};
/* End PBXContainerItemProxy section */

/* Begin PBXFileReference section */
		2EC2AE0F2B0D46384DCCF2E5 /* Pods_GRDBObjcMacOS.framework */ = {isa = PBXFileReference; explicitFileType = wrapper.framework; includeInIndex = 0; path = Pods_GRDBObjcMacOS.framework; sourceTree = BUILT_PRODUCTS_DIR; };
		5659133C1F596527006D14E5 /* NSDataTests.m */ = {isa = PBXFileReference; lastKnownFileType = sourcecode.c.objc; path = NSDataTests.m; sourceTree = "<group>"; };
		566FC3E21F586B6B00919F77 /* NSDateTests.m */ = {isa = PBXFileReference; lastKnownFileType = sourcecode.c.objc; path = NSDateTests.m; sourceTree = "<group>"; };
		5680BBDF1F57BA5900F67DD0 /* GRDBObjcTests-Bridging-Header.h */ = {isa = PBXFileReference; lastKnownFileType = sourcecode.c.h; path = "GRDBObjcTests-Bridging-Header.h"; sourceTree = "<group>"; };
		5680BBE01F57BA5900F67DD0 /* FMDatabaseQueueTests.swift */ = {isa = PBXFileReference; lastKnownFileType = sourcecode.swift; path = FMDatabaseQueueTests.swift; sourceTree = "<group>"; };
		5687EB8A1F5D6B0500B4882E /* _FMSelectStatement.swift */ = {isa = PBXFileReference; lastKnownFileType = sourcecode.swift; path = _FMSelectStatement.swift; sourceTree = "<group>"; };
		5687EB8B1F5D6B0500B4882E /* _FMUpdateStatement.swift */ = {isa = PBXFileReference; lastKnownFileType = sourcecode.swift; path = _FMUpdateStatement.swift; sourceTree = "<group>"; };
		5687EB8C1F5D6B0500B4882E /* FMDatabase.swift */ = {isa = PBXFileReference; lastKnownFileType = sourcecode.swift; path = FMDatabase.swift; sourceTree = "<group>"; };
		5687EB8D1F5D6B0500B4882E /* FMDatabaseQueue.swift */ = {isa = PBXFileReference; lastKnownFileType = sourcecode.swift; path = FMDatabaseQueue.swift; sourceTree = "<group>"; };
		5687EB8E1F5D6B0500B4882E /* FMResultSet.swift */ = {isa = PBXFileReference; lastKnownFileType = sourcecode.swift; path = FMResultSet.swift; sourceTree = "<group>"; };
		5687EB8F1F5D6B0500B4882E /* GRDBObjcBindings.h */ = {isa = PBXFileReference; lastKnownFileType = sourcecode.c.h; path = GRDBObjcBindings.h; sourceTree = "<group>"; };
		5687EB911F5D6B0500B4882E /* FMDatabase+Objc.h */ = {isa = PBXFileReference; lastKnownFileType = sourcecode.c.h; path = "FMDatabase+Objc.h"; sourceTree = "<group>"; };
		5687EB921F5D6B0500B4882E /* FMDatabase+Objc.m */ = {isa = PBXFileReference; lastKnownFileType = sourcecode.c.objc; path = "FMDatabase+Objc.m"; sourceTree = "<group>"; };
		5687EB931F5D6B0500B4882E /* GRDBObjc.h */ = {isa = PBXFileReference; lastKnownFileType = sourcecode.c.h; path = GRDBObjc.h; sourceTree = "<group>"; };
		5687EB991F5D6B2700B4882E /* GRDBObjcCore.framework */ = {isa = PBXFileReference; explicitFileType = wrapper.framework; includeInIndex = 0; path = GRDBObjcCore.framework; sourceTree = BUILT_PRODUCTS_DIR; };
		5688E2E11F62E83100DE2722 /* FMResultSet+Objc.h */ = {isa = PBXFileReference; lastKnownFileType = sourcecode.c.h; path = "FMResultSet+Objc.h"; sourceTree = "<group>"; };
		5688E2E21F62E83100DE2722 /* FMResultSet+Objc.m */ = {isa = PBXFileReference; lastKnownFileType = sourcecode.c.objc; path = "FMResultSet+Objc.m"; sourceTree = "<group>"; };
		568FC2401F55373300E176A4 /* Info.plist */ = {isa = PBXFileReference; lastKnownFileType = text.plist.xml; path = Info.plist; sourceTree = "<group>"; };
		568FC2431F55389100E176A4 /* GRDBObjcTestCase.h */ = {isa = PBXFileReference; lastKnownFileType = sourcecode.c.h; path = GRDBObjcTestCase.h; sourceTree = "<group>"; };
		568FC2441F5538E000E176A4 /* FMDatabaseQueueTests.m */ = {isa = PBXFileReference; lastKnownFileType = sourcecode.c.objc; path = FMDatabaseQueueTests.m; sourceTree = "<group>"; };
		568FC2531F55882E00E176A4 /* FMDatabaseTests.m */ = {isa = PBXFileReference; lastKnownFileType = sourcecode.c.objc; path = FMDatabaseTests.m; sourceTree = "<group>"; };
		568FC2551F55B7C800E176A4 /* FMResultSetTests.m */ = {isa = PBXFileReference; lastKnownFileType = sourcecode.c.objc; path = FMResultSetTests.m; sourceTree = "<group>"; };
		56F459F81F55366F00656C1E /* GRDBObjc.framework */ = {isa = PBXFileReference; explicitFileType = wrapper.framework; includeInIndex = 0; path = GRDBObjc.framework; sourceTree = BUILT_PRODUCTS_DIR; };
		56F45A011F55366F00656C1E /* GRDBObjcMacOSTests.xctest */ = {isa = PBXFileReference; explicitFileType = wrapper.cfbundle; includeInIndex = 0; path = GRDBObjcMacOSTests.xctest; sourceTree = BUILT_PRODUCTS_DIR; };
		56F45A061F55366F00656C1E /* GRDBObjcTestCase.m */ = {isa = PBXFileReference; lastKnownFileType = sourcecode.c.objc; path = GRDBObjcTestCase.m; sourceTree = "<group>"; };
		56F45A081F55366F00656C1E /* Info.plist */ = {isa = PBXFileReference; lastKnownFileType = text.plist.xml; path = Info.plist; sourceTree = "<group>"; };
		83042AD404118DCBC569746D /* Pods_GRDBObjcCoreMacOS.framework */ = {isa = PBXFileReference; explicitFileType = wrapper.framework; includeInIndex = 0; path = Pods_GRDBObjcCoreMacOS.framework; sourceTree = BUILT_PRODUCTS_DIR; };
		8B24F5A0AF95B3BA9DE25B08 /* Pods-GRDBObjcCoreMacOS.debug.xcconfig */ = {isa = PBXFileReference; includeInIndex = 1; lastKnownFileType = text.xcconfig; name = "Pods-GRDBObjcCoreMacOS.debug.xcconfig"; path = "Pods/Target Support Files/Pods-GRDBObjcCoreMacOS/Pods-GRDBObjcCoreMacOS.debug.xcconfig"; sourceTree = "<group>"; };
		A4AC815772F87C03472BA9BB /* Pods-GRDBObjcMacOSTests.release.xcconfig */ = {isa = PBXFileReference; includeInIndex = 1; lastKnownFileType = text.xcconfig; name = "Pods-GRDBObjcMacOSTests.release.xcconfig"; path = "Pods/Target Support Files/Pods-GRDBObjcMacOSTests/Pods-GRDBObjcMacOSTests.release.xcconfig"; sourceTree = "<group>"; };
		AFBADFAEE380F43EED419842 /* Pods_GRDBObjcMacOSTests.framework */ = {isa = PBXFileReference; explicitFileType = wrapper.framework; includeInIndex = 0; path = Pods_GRDBObjcMacOSTests.framework; sourceTree = BUILT_PRODUCTS_DIR; };
		CEA7CB0A2753ED90DF449BC4 /* Pods-GRDBObjcCoreMacOS.release.xcconfig */ = {isa = PBXFileReference; includeInIndex = 1; lastKnownFileType = text.xcconfig; name = "Pods-GRDBObjcCoreMacOS.release.xcconfig"; path = "Pods/Target Support Files/Pods-GRDBObjcCoreMacOS/Pods-GRDBObjcCoreMacOS.release.xcconfig"; sourceTree = "<group>"; };
		F3C5D607A25EF8416391567F /* Pods-GRDBObjcMacOSTests.debug.xcconfig */ = {isa = PBXFileReference; includeInIndex = 1; lastKnownFileType = text.xcconfig; name = "Pods-GRDBObjcMacOSTests.debug.xcconfig"; path = "Pods/Target Support Files/Pods-GRDBObjcMacOSTests/Pods-GRDBObjcMacOSTests.debug.xcconfig"; sourceTree = "<group>"; };
/* End PBXFileReference section */

/* Begin PBXFrameworksBuildPhase section */
		5687EB951F5D6B2700B4882E /* Frameworks */ = {
			isa = PBXFrameworksBuildPhase;
			buildActionMask = 2147483647;
			files = (
				247785166AFF08AD6394B89C /* Pods_GRDBObjcCoreMacOS.framework in Frameworks */,
			);
			runOnlyForDeploymentPostprocessing = 0;
		};
		56F459F41F55366F00656C1E /* Frameworks */ = {
			isa = PBXFrameworksBuildPhase;
			buildActionMask = 2147483647;
			files = (
				5687EBB21F5D6ECC00B4882E /* GRDBObjcCore.framework in Frameworks */,
			);
			runOnlyForDeploymentPostprocessing = 0;
		};
		56F459FE1F55366F00656C1E /* Frameworks */ = {
			isa = PBXFrameworksBuildPhase;
			buildActionMask = 2147483647;
			files = (
				56F45A021F55366F00656C1E /* GRDBObjc.framework in Frameworks */,
				F6641037DCF26B4A5C27A3E8 /* Pods_GRDBObjcMacOSTests.framework in Frameworks */,
			);
			runOnlyForDeploymentPostprocessing = 0;
		};
/* End PBXFrameworksBuildPhase section */

/* Begin PBXGroup section */
		5680BBF31F57BAA000F67DD0 /* Support */ = {
			isa = PBXGroup;
			children = (
				5680BBDF1F57BA5900F67DD0 /* GRDBObjcTests-Bridging-Header.h */,
				56F45A081F55366F00656C1E /* Info.plist */,
			);
			name = Support;
			sourceTree = "<group>";
		};
		5687EB891F5D6B0500B4882E /* GRDBObjcCore */ = {
			isa = PBXGroup;
			children = (
				5687EB8A1F5D6B0500B4882E /* _FMSelectStatement.swift */,
				5687EB8B1F5D6B0500B4882E /* _FMUpdateStatement.swift */,
				5687EB8C1F5D6B0500B4882E /* FMDatabase.swift */,
				5687EB8D1F5D6B0500B4882E /* FMDatabaseQueue.swift */,
				5687EB8E1F5D6B0500B4882E /* FMResultSet.swift */,
				5687EB8F1F5D6B0500B4882E /* GRDBObjcBindings.h */,
			);
			path = GRDBObjcCore;
			sourceTree = "<group>";
		};
		5687EB901F5D6B0500B4882E /* GRDBObjc */ = {
			isa = PBXGroup;
			children = (
				5687EB911F5D6B0500B4882E /* FMDatabase+Objc.h */,
				5687EB921F5D6B0500B4882E /* FMDatabase+Objc.m */,
				5688E2E11F62E83100DE2722 /* FMResultSet+Objc.h */,
				5688E2E21F62E83100DE2722 /* FMResultSet+Objc.m */,
				5687EB931F5D6B0500B4882E /* GRDBObjc.h */,
			);
			path = GRDBObjc;
			sourceTree = "<group>";
		};
		568FC23D1F55370500E176A4 /* Frameworks */ = {
			isa = PBXGroup;
			children = (
				2EC2AE0F2B0D46384DCCF2E5 /* Pods_GRDBObjcMacOS.framework */,
				AFBADFAEE380F43EED419842 /* Pods_GRDBObjcMacOSTests.framework */,
				83042AD404118DCBC569746D /* Pods_GRDBObjcCoreMacOS.framework */,
			);
			name = Frameworks;
			sourceTree = "<group>";
		};
		568FC23F1F55373300E176A4 /* Support */ = {
			isa = PBXGroup;
			children = (
				568FC2401F55373300E176A4 /* Info.plist */,
			);
			path = Support;
			sourceTree = "<group>";
		};
		56F459EC1F55359400656C1E = {
			isa = PBXGroup;
			children = (
				56F459FA1F55366F00656C1E /* Sources */,
				568FC23F1F55373300E176A4 /* Support */,
				56F45A051F55366F00656C1E /* Tests */,
				56F459F91F55366F00656C1E /* Products */,
				568FC23D1F55370500E176A4 /* Frameworks */,
				F06D3F0BF932B6F4F0BB6E54 /* Pods */,
			);
			sourceTree = "<group>";
		};
		56F459F91F55366F00656C1E /* Products */ = {
			isa = PBXGroup;
			children = (
				56F459F81F55366F00656C1E /* GRDBObjc.framework */,
				56F45A011F55366F00656C1E /* GRDBObjcMacOSTests.xctest */,
				5687EB991F5D6B2700B4882E /* GRDBObjcCore.framework */,
			);
			name = Products;
			sourceTree = "<group>";
		};
		56F459FA1F55366F00656C1E /* Sources */ = {
			isa = PBXGroup;
			children = (
				5687EB901F5D6B0500B4882E /* GRDBObjc */,
				5687EB891F5D6B0500B4882E /* GRDBObjcCore */,
			);
			path = Sources;
			sourceTree = "<group>";
		};
		56F45A051F55366F00656C1E /* Tests */ = {
			isa = PBXGroup;
			children = (
				568FC2441F5538E000E176A4 /* FMDatabaseQueueTests.m */,
				5680BBE01F57BA5900F67DD0 /* FMDatabaseQueueTests.swift */,
				568FC2531F55882E00E176A4 /* FMDatabaseTests.m */,
				568FC2551F55B7C800E176A4 /* FMResultSetTests.m */,
				568FC2431F55389100E176A4 /* GRDBObjcTestCase.h */,
				56F45A061F55366F00656C1E /* GRDBObjcTestCase.m */,
				5659133C1F596527006D14E5 /* NSDataTests.m */,
				566FC3E21F586B6B00919F77 /* NSDateTests.m */,
				5680BBF31F57BAA000F67DD0 /* Support */,
			);
			path = Tests;
			sourceTree = "<group>";
		};
		F06D3F0BF932B6F4F0BB6E54 /* Pods */ = {
			isa = PBXGroup;
			children = (
				F3C5D607A25EF8416391567F /* Pods-GRDBObjcMacOSTests.debug.xcconfig */,
				A4AC815772F87C03472BA9BB /* Pods-GRDBObjcMacOSTests.release.xcconfig */,
				8B24F5A0AF95B3BA9DE25B08 /* Pods-GRDBObjcCoreMacOS.debug.xcconfig */,
				CEA7CB0A2753ED90DF449BC4 /* Pods-GRDBObjcCoreMacOS.release.xcconfig */,
			);
			name = Pods;
			sourceTree = "<group>";
		};
/* End PBXGroup section */

/* Begin PBXHeadersBuildPhase section */
		5687EB961F5D6B2700B4882E /* Headers */ = {
			isa = PBXHeadersBuildPhase;
			buildActionMask = 2147483647;
			files = (
				5687EBAA1F5D6B6200B4882E /* GRDBObjcBindings.h in Headers */,
			);
			runOnlyForDeploymentPostprocessing = 0;
		};
		56F459F51F55366F00656C1E /* Headers */ = {
			isa = PBXHeadersBuildPhase;
			buildActionMask = 2147483647;
			files = (
				5688E2E31F62E83100DE2722 /* FMResultSet+Objc.h in Headers */,
				5687EBB01F5D6D5C00B4882E /* FMDatabase+Objc.h in Headers */,
				5687EBAF1F5D6D5300B4882E /* GRDBObjc.h in Headers */,
			);
			runOnlyForDeploymentPostprocessing = 0;
		};
/* End PBXHeadersBuildPhase section */

/* Begin PBXNativeTarget section */
		5687EB981F5D6B2700B4882E /* GRDBObjcCoreMacOS */ = {
			isa = PBXNativeTarget;
			buildConfigurationList = 5687EB9E1F5D6B2700B4882E /* Build configuration list for PBXNativeTarget "GRDBObjcCoreMacOS" */;
			buildPhases = (
				9A37CA921008FEE004214711 /* [CP] Check Pods Manifest.lock */,
				5687EB941F5D6B2700B4882E /* Sources */,
				5687EB951F5D6B2700B4882E /* Frameworks */,
				5687EB961F5D6B2700B4882E /* Headers */,
				5687EB971F5D6B2700B4882E /* Resources */,
			);
			buildRules = (
			);
			dependencies = (
			);
			name = GRDBObjcCoreMacOS;
			productName = GRDBObjcBindings;
			productReference = 5687EB991F5D6B2700B4882E /* GRDBObjcCore.framework */;
			productType = "com.apple.product-type.framework";
		};
		56F459F71F55366F00656C1E /* GRDBObjcMacOS */ = {
			isa = PBXNativeTarget;
			buildConfigurationList = 56F45A0A1F55366F00656C1E /* Build configuration list for PBXNativeTarget "GRDBObjcMacOS" */;
			buildPhases = (
				56F459F31F55366F00656C1E /* Sources */,
				56F459F41F55366F00656C1E /* Frameworks */,
				56F459F51F55366F00656C1E /* Headers */,
				56F459F61F55366F00656C1E /* Resources */,
			);
			buildRules = (
			);
			dependencies = (
				5687EBAC1F5D6BEB00B4882E /* PBXTargetDependency */,
			);
			name = GRDBObjcMacOS;
			productName = GRDBObjc;
			productReference = 56F459F81F55366F00656C1E /* GRDBObjc.framework */;
			productType = "com.apple.product-type.framework";
		};
		56F45A001F55366F00656C1E /* GRDBObjcMacOSTests */ = {
			isa = PBXNativeTarget;
			buildConfigurationList = 56F45A0D1F55366F00656C1E /* Build configuration list for PBXNativeTarget "GRDBObjcMacOSTests" */;
			buildPhases = (
				FFF628E9D2873D7FE89D4AE8 /* [CP] Check Pods Manifest.lock */,
				56F459FD1F55366F00656C1E /* Sources */,
				56F459FE1F55366F00656C1E /* Frameworks */,
				56F459FF1F55366F00656C1E /* Resources */,
				DB93489268AE435531A079C2 /* [CP] Embed Pods Frameworks */,
			);
			buildRules = (
			);
			dependencies = (
				5687EBAE1F5D6C8E00B4882E /* PBXTargetDependency */,
				56F45A041F55366F00656C1E /* PBXTargetDependency */,
			);
			name = GRDBObjcMacOSTests;
			productName = GRDBObjcTests;
			productReference = 56F45A011F55366F00656C1E /* GRDBObjcMacOSTests.xctest */;
			productType = "com.apple.product-type.bundle.unit-test";
		};
/* End PBXNativeTarget section */

/* Begin PBXProject section */
		56F459ED1F55359400656C1E /* Project object */ = {
			isa = PBXProject;
			attributes = {
				LastUpgradeCheck = 0940;
				TargetAttributes = {
					5687EB981F5D6B2700B4882E = {
						CreatedOnToolsVersion = 9.0;
						ProvisioningStyle = Automatic;
					};
					56F459F71F55366F00656C1E = {
						CreatedOnToolsVersion = 9.0;
						LastSwiftMigration = 0900;
						ProvisioningStyle = Automatic;
					};
					56F45A001F55366F00656C1E = {
						CreatedOnToolsVersion = 9.0;
						LastSwiftMigration = 0900;
						ProvisioningStyle = Automatic;
					};
				};
			};
			buildConfigurationList = 56F459F01F55359400656C1E /* Build configuration list for PBXProject "GRDBObjc" */;
			compatibilityVersion = "Xcode 8.0";
			developmentRegion = en;
			hasScannedForEncodings = 0;
			knownRegions = (
				en,
			);
			mainGroup = 56F459EC1F55359400656C1E;
			productRefGroup = 56F459F91F55366F00656C1E /* Products */;
			projectDirPath = "";
			projectRoot = "";
			targets = (
				5687EB981F5D6B2700B4882E /* GRDBObjcCoreMacOS */,
				56F459F71F55366F00656C1E /* GRDBObjcMacOS */,
				56F45A001F55366F00656C1E /* GRDBObjcMacOSTests */,
			);
		};
/* End PBXProject section */

/* Begin PBXResourcesBuildPhase section */
		5687EB971F5D6B2700B4882E /* Resources */ = {
			isa = PBXResourcesBuildPhase;
			buildActionMask = 2147483647;
			files = (
			);
			runOnlyForDeploymentPostprocessing = 0;
		};
		56F459F61F55366F00656C1E /* Resources */ = {
			isa = PBXResourcesBuildPhase;
			buildActionMask = 2147483647;
			files = (
			);
			runOnlyForDeploymentPostprocessing = 0;
		};
		56F459FF1F55366F00656C1E /* Resources */ = {
			isa = PBXResourcesBuildPhase;
			buildActionMask = 2147483647;
			files = (
			);
			runOnlyForDeploymentPostprocessing = 0;
		};
/* End PBXResourcesBuildPhase section */

/* Begin PBXShellScriptBuildPhase section */
		9A37CA921008FEE004214711 /* [CP] Check Pods Manifest.lock */ = {
			isa = PBXShellScriptBuildPhase;
			buildActionMask = 2147483647;
			files = (
			);
			inputPaths = (
				"${PODS_PODFILE_DIR_PATH}/Podfile.lock",
				"${PODS_ROOT}/Manifest.lock",
			);
			name = "[CP] Check Pods Manifest.lock";
			outputPaths = (
				"$(DERIVED_FILE_DIR)/Pods-GRDBObjcCoreMacOS-checkManifestLockResult.txt",
			);
			runOnlyForDeploymentPostprocessing = 0;
			shellPath = /bin/sh;
			shellScript = "diff \"${PODS_PODFILE_DIR_PATH}/Podfile.lock\" \"${PODS_ROOT}/Manifest.lock\" > /dev/null\nif [ $? != 0 ] ; then\n    # print error to STDERR\n    echo \"error: The sandbox is not in sync with the Podfile.lock. Run 'pod install' or update your CocoaPods installation.\" >&2\n    exit 1\nfi\n# This output is used by Xcode 'outputs' to avoid re-running this script phase.\necho \"SUCCESS\" > \"${SCRIPT_OUTPUT_FILE_0}\"\n";
			showEnvVarsInLog = 0;
		};
		DB93489268AE435531A079C2 /* [CP] Embed Pods Frameworks */ = {
			isa = PBXShellScriptBuildPhase;
			buildActionMask = 2147483647;
			files = (
			);
			inputPaths = (
				"${PODS_ROOT}/Target Support Files/Pods-GRDBObjcMacOSTests/Pods-GRDBObjcMacOSTests-frameworks.sh",
				"${BUILT_PRODUCTS_DIR}/GRDB.swift/GRDB.framework",
			);
			name = "[CP] Embed Pods Frameworks";
			outputPaths = (
				"${TARGET_BUILD_DIR}/${FRAMEWORKS_FOLDER_PATH}/GRDB.framework",
			);
			runOnlyForDeploymentPostprocessing = 0;
			shellPath = /bin/sh;
			shellScript = "\"${PODS_ROOT}/Target Support Files/Pods-GRDBObjcMacOSTests/Pods-GRDBObjcMacOSTests-frameworks.sh\"\n";
			showEnvVarsInLog = 0;
		};
		FFF628E9D2873D7FE89D4AE8 /* [CP] Check Pods Manifest.lock */ = {
			isa = PBXShellScriptBuildPhase;
			buildActionMask = 2147483647;
			files = (
			);
			inputPaths = (
				"${PODS_PODFILE_DIR_PATH}/Podfile.lock",
				"${PODS_ROOT}/Manifest.lock",
			);
			name = "[CP] Check Pods Manifest.lock";
			outputPaths = (
				"$(DERIVED_FILE_DIR)/Pods-GRDBObjcMacOSTests-checkManifestLockResult.txt",
			);
			runOnlyForDeploymentPostprocessing = 0;
			shellPath = /bin/sh;
			shellScript = "diff \"${PODS_PODFILE_DIR_PATH}/Podfile.lock\" \"${PODS_ROOT}/Manifest.lock\" > /dev/null\nif [ $? != 0 ] ; then\n    # print error to STDERR\n    echo \"error: The sandbox is not in sync with the Podfile.lock. Run 'pod install' or update your CocoaPods installation.\" >&2\n    exit 1\nfi\n# This output is used by Xcode 'outputs' to avoid re-running this script phase.\necho \"SUCCESS\" > \"${SCRIPT_OUTPUT_FILE_0}\"\n";
			showEnvVarsInLog = 0;
		};
/* End PBXShellScriptBuildPhase section */

/* Begin PBXSourcesBuildPhase section */
		5687EB941F5D6B2700B4882E /* Sources */ = {
			isa = PBXSourcesBuildPhase;
			buildActionMask = 2147483647;
			files = (
				5687EBA51F5D6B6200B4882E /* _FMSelectStatement.swift in Sources */,
				5687EBA81F5D6B6200B4882E /* FMDatabaseQueue.swift in Sources */,
				5687EBA71F5D6B6200B4882E /* FMDatabase.swift in Sources */,
				5687EBA91F5D6B6200B4882E /* FMResultSet.swift in Sources */,
				5687EBA61F5D6B6200B4882E /* _FMUpdateStatement.swift in Sources */,
			);
			runOnlyForDeploymentPostprocessing = 0;
		};
		56F459F31F55366F00656C1E /* Sources */ = {
			isa = PBXSourcesBuildPhase;
			buildActionMask = 2147483647;
			files = (
				5688E2E41F62E83100DE2722 /* FMResultSet+Objc.m in Sources */,
				5687EBB11F5D6E7700B4882E /* FMDatabase+Objc.m in Sources */,
			);
			runOnlyForDeploymentPostprocessing = 0;
		};
		56F459FD1F55366F00656C1E /* Sources */ = {
			isa = PBXSourcesBuildPhase;
			buildActionMask = 2147483647;
			files = (
				568FC2561F55B7C800E176A4 /* FMResultSetTests.m in Sources */,
				568FC2541F55882E00E176A4 /* FMDatabaseTests.m in Sources */,
				5659134E1F596527006D14E5 /* NSDataTests.m in Sources */,
				566FC3E31F586B6B00919F77 /* NSDateTests.m in Sources */,
				56F45A071F55366F00656C1E /* GRDBObjcTestCase.m in Sources */,
				5680BBE11F57BA5900F67DD0 /* FMDatabaseQueueTests.swift in Sources */,
				568FC2451F5538E000E176A4 /* FMDatabaseQueueTests.m in Sources */,
			);
			runOnlyForDeploymentPostprocessing = 0;
		};
/* End PBXSourcesBuildPhase section */

/* Begin PBXTargetDependency section */
		5687EBAC1F5D6BEB00B4882E /* PBXTargetDependency */ = {
			isa = PBXTargetDependency;
			target = 5687EB981F5D6B2700B4882E /* GRDBObjcCoreMacOS */;
			targetProxy = 5687EBAB1F5D6BEB00B4882E /* PBXContainerItemProxy */;
		};
		5687EBAE1F5D6C8E00B4882E /* PBXTargetDependency */ = {
			isa = PBXTargetDependency;
			target = 5687EB981F5D6B2700B4882E /* GRDBObjcCoreMacOS */;
			targetProxy = 5687EBAD1F5D6C8E00B4882E /* PBXContainerItemProxy */;
		};
		56F45A041F55366F00656C1E /* PBXTargetDependency */ = {
			isa = PBXTargetDependency;
			target = 56F459F71F55366F00656C1E /* GRDBObjcMacOS */;
			targetProxy = 56F45A031F55366F00656C1E /* PBXContainerItemProxy */;
		};
/* End PBXTargetDependency section */

/* Begin XCBuildConfiguration section */
		5687EB9F1F5D6B2700B4882E /* Debug */ = {
			isa = XCBuildConfiguration;
			baseConfigurationReference = 8B24F5A0AF95B3BA9DE25B08 /* Pods-GRDBObjcCoreMacOS.debug.xcconfig */;
			buildSettings = {
				ALWAYS_SEARCH_USER_PATHS = NO;
				CLANG_ANALYZER_NONNULL = YES;
				CLANG_ANALYZER_NUMBER_OBJECT_CONVERSION = YES_AGGRESSIVE;
				CLANG_CXX_LANGUAGE_STANDARD = "gnu++14";
				CLANG_CXX_LIBRARY = "libc++";
				CLANG_ENABLE_MODULES = YES;
				CLANG_ENABLE_OBJC_ARC = YES;
				CLANG_WARN_DIRECT_OBJC_ISA_USAGE = YES_ERROR;
				CLANG_WARN_DOCUMENTATION_COMMENTS = YES;
				CLANG_WARN_OBJC_ROOT_CLASS = YES_ERROR;
				CLANG_WARN_UNGUARDED_AVAILABILITY = YES_AGGRESSIVE;
				CODE_SIGN_IDENTITY = "";
				CODE_SIGN_STYLE = Automatic;
				COMBINE_HIDPI_IMAGES = YES;
				COPY_PHASE_STRIP = NO;
				CURRENT_PROJECT_VERSION = 1;
				DEBUG_INFORMATION_FORMAT = dwarf;
				DEFINES_MODULE = YES;
				DEVELOPMENT_TEAM = AMD8W895CT;
				DYLIB_COMPATIBILITY_VERSION = 1;
				DYLIB_CURRENT_VERSION = 1;
				DYLIB_INSTALL_NAME_BASE = "@rpath";
				FRAMEWORK_VERSION = A;
				GCC_C_LANGUAGE_STANDARD = gnu11;
				GCC_DYNAMIC_NO_PIC = NO;
				GCC_OPTIMIZATION_LEVEL = 0;
				GCC_PREPROCESSOR_DEFINITIONS = (
					"DEBUG=1",
					"$(inherited)",
				);
				GCC_WARN_ABOUT_RETURN_TYPE = YES_ERROR;
				GCC_WARN_UNINITIALIZED_AUTOS = YES_AGGRESSIVE;
				INFOPLIST_FILE = Support/Info.plist;
				INSTALL_PATH = "$(LOCAL_LIBRARY_DIR)/Frameworks";
				LD_RUNPATH_SEARCH_PATHS = "$(inherited) @executable_path/../Frameworks @loader_path/Frameworks";
				MACOSX_DEPLOYMENT_TARGET = 10.12;
				MTL_ENABLE_DEBUG_INFO = YES;
				PRODUCT_BUNDLE_IDENTIFIER = com.github.groue.GRDBObjcBindings;
				PRODUCT_NAME = GRDBObjcCore;
				SDKROOT = macosx;
				SKIP_INSTALL = YES;
				VERSIONING_SYSTEM = "apple-generic";
				VERSION_INFO_PREFIX = "";
			};
			name = Debug;
		};
		5687EBA01F5D6B2700B4882E /* Release */ = {
			isa = XCBuildConfiguration;
			baseConfigurationReference = CEA7CB0A2753ED90DF449BC4 /* Pods-GRDBObjcCoreMacOS.release.xcconfig */;
			buildSettings = {
				ALWAYS_SEARCH_USER_PATHS = NO;
				CLANG_ANALYZER_NONNULL = YES;
				CLANG_ANALYZER_NUMBER_OBJECT_CONVERSION = YES_AGGRESSIVE;
				CLANG_CXX_LANGUAGE_STANDARD = "gnu++14";
				CLANG_CXX_LIBRARY = "libc++";
				CLANG_ENABLE_MODULES = YES;
				CLANG_ENABLE_OBJC_ARC = YES;
				CLANG_WARN_DIRECT_OBJC_ISA_USAGE = YES_ERROR;
				CLANG_WARN_DOCUMENTATION_COMMENTS = YES;
				CLANG_WARN_OBJC_ROOT_CLASS = YES_ERROR;
				CLANG_WARN_UNGUARDED_AVAILABILITY = YES_AGGRESSIVE;
				CODE_SIGN_IDENTITY = "";
				CODE_SIGN_STYLE = Automatic;
				COMBINE_HIDPI_IMAGES = YES;
				COPY_PHASE_STRIP = NO;
				CURRENT_PROJECT_VERSION = 1;
				DEBUG_INFORMATION_FORMAT = "dwarf-with-dsym";
				DEFINES_MODULE = YES;
				DEVELOPMENT_TEAM = AMD8W895CT;
				DYLIB_COMPATIBILITY_VERSION = 1;
				DYLIB_CURRENT_VERSION = 1;
				DYLIB_INSTALL_NAME_BASE = "@rpath";
				ENABLE_NS_ASSERTIONS = NO;
				FRAMEWORK_VERSION = A;
				GCC_C_LANGUAGE_STANDARD = gnu11;
				GCC_WARN_ABOUT_RETURN_TYPE = YES_ERROR;
				GCC_WARN_UNINITIALIZED_AUTOS = YES_AGGRESSIVE;
				INFOPLIST_FILE = Support/Info.plist;
				INSTALL_PATH = "$(LOCAL_LIBRARY_DIR)/Frameworks";
				LD_RUNPATH_SEARCH_PATHS = "$(inherited) @executable_path/../Frameworks @loader_path/Frameworks";
				MACOSX_DEPLOYMENT_TARGET = 10.12;
				MTL_ENABLE_DEBUG_INFO = NO;
				PRODUCT_BUNDLE_IDENTIFIER = com.github.groue.GRDBObjcBindings;
				PRODUCT_NAME = GRDBObjcCore;
				SDKROOT = macosx;
				SKIP_INSTALL = YES;
				VERSIONING_SYSTEM = "apple-generic";
				VERSION_INFO_PREFIX = "";
			};
			name = Release;
		};
		56F459F11F55359400656C1E /* Debug */ = {
			isa = XCBuildConfiguration;
			buildSettings = {
				CLANG_WARN_BLOCK_CAPTURE_AUTORELEASING = YES;
				CLANG_WARN_BOOL_CONVERSION = YES;
				CLANG_WARN_COMMA = YES;
				CLANG_WARN_CONSTANT_CONVERSION = YES;
				CLANG_WARN_DEPRECATED_OBJC_IMPLEMENTATIONS = YES;
				CLANG_WARN_EMPTY_BODY = YES;
				CLANG_WARN_ENUM_CONVERSION = YES;
				CLANG_WARN_INFINITE_RECURSION = YES;
				CLANG_WARN_INT_CONVERSION = YES;
				CLANG_WARN_NON_LITERAL_NULL_CONVERSION = YES;
				CLANG_WARN_OBJC_IMPLICIT_RETAIN_SELF = YES;
				CLANG_WARN_OBJC_LITERAL_CONVERSION = YES;
				CLANG_WARN_RANGE_LOOP_ANALYSIS = YES;
				CLANG_WARN_STRICT_PROTOTYPES = YES;
				CLANG_WARN_SUSPICIOUS_MOVE = YES;
				CLANG_WARN_UNREACHABLE_CODE = YES;
				CLANG_WARN__DUPLICATE_METHOD_MATCH = YES;
				ENABLE_STRICT_OBJC_MSGSEND = YES;
				ENABLE_TESTABILITY = YES;
				GCC_NO_COMMON_BLOCKS = YES;
				GCC_WARN_64_TO_32_BIT_CONVERSION = YES;
				GCC_WARN_ABOUT_RETURN_TYPE = YES;
				GCC_WARN_UNDECLARED_SELECTOR = YES;
				GCC_WARN_UNINITIALIZED_AUTOS = YES;
				GCC_WARN_UNUSED_FUNCTION = YES;
				GCC_WARN_UNUSED_VARIABLE = YES;
				ONLY_ACTIVE_ARCH = YES;
				SWIFT_VERSION = 4.2;
			};
			name = Debug;
		};
		56F459F21F55359400656C1E /* Release */ = {
			isa = XCBuildConfiguration;
			buildSettings = {
				CLANG_WARN_BLOCK_CAPTURE_AUTORELEASING = YES;
				CLANG_WARN_BOOL_CONVERSION = YES;
				CLANG_WARN_COMMA = YES;
				CLANG_WARN_CONSTANT_CONVERSION = YES;
				CLANG_WARN_DEPRECATED_OBJC_IMPLEMENTATIONS = YES;
				CLANG_WARN_EMPTY_BODY = YES;
				CLANG_WARN_ENUM_CONVERSION = YES;
				CLANG_WARN_INFINITE_RECURSION = YES;
				CLANG_WARN_INT_CONVERSION = YES;
				CLANG_WARN_NON_LITERAL_NULL_CONVERSION = YES;
				CLANG_WARN_OBJC_IMPLICIT_RETAIN_SELF = YES;
				CLANG_WARN_OBJC_LITERAL_CONVERSION = YES;
				CLANG_WARN_RANGE_LOOP_ANALYSIS = YES;
				CLANG_WARN_STRICT_PROTOTYPES = YES;
				CLANG_WARN_SUSPICIOUS_MOVE = YES;
				CLANG_WARN_UNREACHABLE_CODE = YES;
				CLANG_WARN__DUPLICATE_METHOD_MATCH = YES;
				ENABLE_STRICT_OBJC_MSGSEND = YES;
				GCC_NO_COMMON_BLOCKS = YES;
				GCC_WARN_64_TO_32_BIT_CONVERSION = YES;
				GCC_WARN_ABOUT_RETURN_TYPE = YES;
				GCC_WARN_UNDECLARED_SELECTOR = YES;
				GCC_WARN_UNINITIALIZED_AUTOS = YES;
				GCC_WARN_UNUSED_FUNCTION = YES;
				GCC_WARN_UNUSED_VARIABLE = YES;
				SWIFT_OPTIMIZATION_LEVEL = "-Owholemodule";
				SWIFT_VERSION = 4.2;
			};
			name = Release;
		};
		56F45A0B1F55366F00656C1E /* Debug */ = {
			isa = XCBuildConfiguration;
			buildSettings = {
				ALWAYS_SEARCH_USER_PATHS = NO;
				CLANG_ANALYZER_NONNULL = YES;
				CLANG_ANALYZER_NUMBER_OBJECT_CONVERSION = YES_AGGRESSIVE;
				CLANG_CXX_LANGUAGE_STANDARD = "gnu++14";
				CLANG_CXX_LIBRARY = "libc++";
				CLANG_ENABLE_MODULES = YES;
				CLANG_ENABLE_OBJC_ARC = YES;
				CLANG_WARN_BLOCK_CAPTURE_AUTORELEASING = YES;
				CLANG_WARN_BOOL_CONVERSION = YES;
				CLANG_WARN_COMMA = YES;
				CLANG_WARN_CONSTANT_CONVERSION = YES;
				CLANG_WARN_DIRECT_OBJC_ISA_USAGE = YES_ERROR;
				CLANG_WARN_DOCUMENTATION_COMMENTS = YES;
				CLANG_WARN_EMPTY_BODY = YES;
				CLANG_WARN_ENUM_CONVERSION = YES;
				CLANG_WARN_INFINITE_RECURSION = YES;
				CLANG_WARN_INT_CONVERSION = YES;
				CLANG_WARN_NON_LITERAL_NULL_CONVERSION = YES;
				CLANG_WARN_OBJC_LITERAL_CONVERSION = YES;
				CLANG_WARN_OBJC_ROOT_CLASS = YES_ERROR;
				CLANG_WARN_RANGE_LOOP_ANALYSIS = YES;
				CLANG_WARN_STRICT_PROTOTYPES = YES;
				CLANG_WARN_SUSPICIOUS_MOVE = YES;
				CLANG_WARN_UNGUARDED_AVAILABILITY = YES_AGGRESSIVE;
				CLANG_WARN_UNREACHABLE_CODE = YES;
				CLANG_WARN__DUPLICATE_METHOD_MATCH = YES;
				CODE_SIGN_IDENTITY = "";
				CODE_SIGN_STYLE = Automatic;
				COMBINE_HIDPI_IMAGES = YES;
				COPY_PHASE_STRIP = NO;
				CURRENT_PROJECT_VERSION = 1;
				DEBUG_INFORMATION_FORMAT = dwarf;
				DEFINES_MODULE = YES;
				DEVELOPMENT_TEAM = AMD8W895CT;
				DYLIB_COMPATIBILITY_VERSION = 1;
				DYLIB_CURRENT_VERSION = 1;
				DYLIB_INSTALL_NAME_BASE = "@rpath";
				ENABLE_STRICT_OBJC_MSGSEND = YES;
				ENABLE_TESTABILITY = YES;
				FRAMEWORK_VERSION = A;
				GCC_C_LANGUAGE_STANDARD = gnu11;
				GCC_DYNAMIC_NO_PIC = NO;
				GCC_NO_COMMON_BLOCKS = YES;
				GCC_OPTIMIZATION_LEVEL = 0;
				GCC_PREPROCESSOR_DEFINITIONS = (
					"DEBUG=1",
					"$(inherited)",
				);
				GCC_WARN_64_TO_32_BIT_CONVERSION = YES;
				GCC_WARN_ABOUT_RETURN_TYPE = YES_ERROR;
				GCC_WARN_UNDECLARED_SELECTOR = YES;
				GCC_WARN_UNINITIALIZED_AUTOS = YES_AGGRESSIVE;
				GCC_WARN_UNUSED_FUNCTION = YES;
				GCC_WARN_UNUSED_VARIABLE = YES;
				INFOPLIST_FILE = Support/Info.plist;
				INSTALL_PATH = "$(LOCAL_LIBRARY_DIR)/Frameworks";
				LD_RUNPATH_SEARCH_PATHS = "$(inherited) @executable_path/../Frameworks @loader_path/Frameworks";
				MACOSX_DEPLOYMENT_TARGET = 10.12;
				MTL_ENABLE_DEBUG_INFO = YES;
				ONLY_ACTIVE_ARCH = YES;
				PRODUCT_BUNDLE_IDENTIFIER = com.github.groue.GRDBObjc;
				PRODUCT_NAME = GRDBObjc;
				SDKROOT = macosx;
				SKIP_INSTALL = YES;
				SWIFT_OPTIMIZATION_LEVEL = "-Onone";
				VERSIONING_SYSTEM = "apple-generic";
				VERSION_INFO_PREFIX = "";
			};
			name = Debug;
		};
		56F45A0C1F55366F00656C1E /* Release */ = {
			isa = XCBuildConfiguration;
			buildSettings = {
				ALWAYS_SEARCH_USER_PATHS = NO;
				CLANG_ANALYZER_NONNULL = YES;
				CLANG_ANALYZER_NUMBER_OBJECT_CONVERSION = YES_AGGRESSIVE;
				CLANG_CXX_LANGUAGE_STANDARD = "gnu++14";
				CLANG_CXX_LIBRARY = "libc++";
				CLANG_ENABLE_MODULES = YES;
				CLANG_ENABLE_OBJC_ARC = YES;
				CLANG_WARN_BLOCK_CAPTURE_AUTORELEASING = YES;
				CLANG_WARN_BOOL_CONVERSION = YES;
				CLANG_WARN_COMMA = YES;
				CLANG_WARN_CONSTANT_CONVERSION = YES;
				CLANG_WARN_DIRECT_OBJC_ISA_USAGE = YES_ERROR;
				CLANG_WARN_DOCUMENTATION_COMMENTS = YES;
				CLANG_WARN_EMPTY_BODY = YES;
				CLANG_WARN_ENUM_CONVERSION = YES;
				CLANG_WARN_INFINITE_RECURSION = YES;
				CLANG_WARN_INT_CONVERSION = YES;
				CLANG_WARN_NON_LITERAL_NULL_CONVERSION = YES;
				CLANG_WARN_OBJC_LITERAL_CONVERSION = YES;
				CLANG_WARN_OBJC_ROOT_CLASS = YES_ERROR;
				CLANG_WARN_RANGE_LOOP_ANALYSIS = YES;
				CLANG_WARN_STRICT_PROTOTYPES = YES;
				CLANG_WARN_SUSPICIOUS_MOVE = YES;
				CLANG_WARN_UNGUARDED_AVAILABILITY = YES_AGGRESSIVE;
				CLANG_WARN_UNREACHABLE_CODE = YES;
				CLANG_WARN__DUPLICATE_METHOD_MATCH = YES;
				CODE_SIGN_IDENTITY = "";
				CODE_SIGN_STYLE = Automatic;
				COMBINE_HIDPI_IMAGES = YES;
				COPY_PHASE_STRIP = NO;
				CURRENT_PROJECT_VERSION = 1;
				DEBUG_INFORMATION_FORMAT = "dwarf-with-dsym";
				DEFINES_MODULE = YES;
				DEVELOPMENT_TEAM = AMD8W895CT;
				DYLIB_COMPATIBILITY_VERSION = 1;
				DYLIB_CURRENT_VERSION = 1;
				DYLIB_INSTALL_NAME_BASE = "@rpath";
				ENABLE_NS_ASSERTIONS = NO;
				ENABLE_STRICT_OBJC_MSGSEND = YES;
				FRAMEWORK_VERSION = A;
				GCC_C_LANGUAGE_STANDARD = gnu11;
				GCC_NO_COMMON_BLOCKS = YES;
				GCC_WARN_64_TO_32_BIT_CONVERSION = YES;
				GCC_WARN_ABOUT_RETURN_TYPE = YES_ERROR;
				GCC_WARN_UNDECLARED_SELECTOR = YES;
				GCC_WARN_UNINITIALIZED_AUTOS = YES_AGGRESSIVE;
				GCC_WARN_UNUSED_FUNCTION = YES;
				GCC_WARN_UNUSED_VARIABLE = YES;
				INFOPLIST_FILE = Support/Info.plist;
				INSTALL_PATH = "$(LOCAL_LIBRARY_DIR)/Frameworks";
				LD_RUNPATH_SEARCH_PATHS = "$(inherited) @executable_path/../Frameworks @loader_path/Frameworks";
				MACOSX_DEPLOYMENT_TARGET = 10.12;
				MTL_ENABLE_DEBUG_INFO = NO;
				PRODUCT_BUNDLE_IDENTIFIER = com.github.groue.GRDBObjc;
				PRODUCT_NAME = GRDBObjc;
				SDKROOT = macosx;
				SKIP_INSTALL = YES;
				VERSIONING_SYSTEM = "apple-generic";
				VERSION_INFO_PREFIX = "";
			};
			name = Release;
		};
		56F45A0E1F55366F00656C1E /* Debug */ = {
			isa = XCBuildConfiguration;
			baseConfigurationReference = F3C5D607A25EF8416391567F /* Pods-GRDBObjcMacOSTests.debug.xcconfig */;
			buildSettings = {
				ALWAYS_SEARCH_USER_PATHS = NO;
				CLANG_ANALYZER_NONNULL = YES;
				CLANG_ANALYZER_NUMBER_OBJECT_CONVERSION = YES_AGGRESSIVE;
				CLANG_CXX_LANGUAGE_STANDARD = "gnu++14";
				CLANG_CXX_LIBRARY = "libc++";
				CLANG_ENABLE_MODULES = YES;
				CLANG_ENABLE_OBJC_ARC = YES;
				CLANG_WARN_BLOCK_CAPTURE_AUTORELEASING = YES;
				CLANG_WARN_BOOL_CONVERSION = YES;
				CLANG_WARN_COMMA = YES;
				CLANG_WARN_CONSTANT_CONVERSION = YES;
				CLANG_WARN_DIRECT_OBJC_ISA_USAGE = YES_ERROR;
				CLANG_WARN_DOCUMENTATION_COMMENTS = YES;
				CLANG_WARN_EMPTY_BODY = YES;
				CLANG_WARN_ENUM_CONVERSION = YES;
				CLANG_WARN_INFINITE_RECURSION = YES;
				CLANG_WARN_INT_CONVERSION = YES;
				CLANG_WARN_NON_LITERAL_NULL_CONVERSION = YES;
				CLANG_WARN_OBJC_LITERAL_CONVERSION = YES;
				CLANG_WARN_OBJC_ROOT_CLASS = YES_ERROR;
				CLANG_WARN_RANGE_LOOP_ANALYSIS = YES;
				CLANG_WARN_STRICT_PROTOTYPES = YES;
				CLANG_WARN_SUSPICIOUS_MOVE = YES;
				CLANG_WARN_UNGUARDED_AVAILABILITY = YES_AGGRESSIVE;
				CLANG_WARN_UNREACHABLE_CODE = YES;
				CLANG_WARN__DUPLICATE_METHOD_MATCH = YES;
				CODE_SIGN_IDENTITY = "Mac Developer";
				CODE_SIGN_STYLE = Automatic;
				COMBINE_HIDPI_IMAGES = YES;
				COPY_PHASE_STRIP = NO;
				DEBUG_INFORMATION_FORMAT = dwarf;
				DEVELOPMENT_TEAM = AMD8W895CT;
				ENABLE_STRICT_OBJC_MSGSEND = YES;
				ENABLE_TESTABILITY = YES;
				GCC_C_LANGUAGE_STANDARD = gnu11;
				GCC_DYNAMIC_NO_PIC = NO;
				GCC_NO_COMMON_BLOCKS = YES;
				GCC_OPTIMIZATION_LEVEL = 0;
				GCC_PREPROCESSOR_DEFINITIONS = (
					"DEBUG=1",
					"$(inherited)",
				);
				GCC_WARN_64_TO_32_BIT_CONVERSION = YES;
				GCC_WARN_ABOUT_RETURN_TYPE = YES_ERROR;
				GCC_WARN_UNDECLARED_SELECTOR = YES;
				GCC_WARN_UNINITIALIZED_AUTOS = YES_AGGRESSIVE;
				GCC_WARN_UNUSED_FUNCTION = YES;
				GCC_WARN_UNUSED_VARIABLE = YES;
				INFOPLIST_FILE = Tests/Info.plist;
				LD_RUNPATH_SEARCH_PATHS = "$(inherited) @executable_path/../Frameworks @loader_path/../Frameworks";
				MACOSX_DEPLOYMENT_TARGET = 10.12;
				MTL_ENABLE_DEBUG_INFO = YES;
				ONLY_ACTIVE_ARCH = YES;
				PRODUCT_BUNDLE_IDENTIFIER = com.github.groue.GRDBObjcTests;
				PRODUCT_NAME = "$(TARGET_NAME)";
				SDKROOT = macosx;
				SWIFT_OBJC_BRIDGING_HEADER = "Tests/GRDBObjcTests-Bridging-Header.h";
				SWIFT_OPTIMIZATION_LEVEL = "-Onone";
			};
			name = Debug;
		};
		56F45A0F1F55366F00656C1E /* Release */ = {
			isa = XCBuildConfiguration;
			baseConfigurationReference = A4AC815772F87C03472BA9BB /* Pods-GRDBObjcMacOSTests.release.xcconfig */;
			buildSettings = {
				ALWAYS_SEARCH_USER_PATHS = NO;
				CLANG_ANALYZER_NONNULL = YES;
				CLANG_ANALYZER_NUMBER_OBJECT_CONVERSION = YES_AGGRESSIVE;
				CLANG_CXX_LANGUAGE_STANDARD = "gnu++14";
				CLANG_CXX_LIBRARY = "libc++";
				CLANG_ENABLE_MODULES = YES;
				CLANG_ENABLE_OBJC_ARC = YES;
				CLANG_WARN_BLOCK_CAPTURE_AUTORELEASING = YES;
				CLANG_WARN_BOOL_CONVERSION = YES;
				CLANG_WARN_COMMA = YES;
				CLANG_WARN_CONSTANT_CONVERSION = YES;
				CLANG_WARN_DIRECT_OBJC_ISA_USAGE = YES_ERROR;
				CLANG_WARN_DOCUMENTATION_COMMENTS = YES;
				CLANG_WARN_EMPTY_BODY = YES;
				CLANG_WARN_ENUM_CONVERSION = YES;
				CLANG_WARN_INFINITE_RECURSION = YES;
				CLANG_WARN_INT_CONVERSION = YES;
				CLANG_WARN_NON_LITERAL_NULL_CONVERSION = YES;
				CLANG_WARN_OBJC_LITERAL_CONVERSION = YES;
				CLANG_WARN_OBJC_ROOT_CLASS = YES_ERROR;
				CLANG_WARN_RANGE_LOOP_ANALYSIS = YES;
				CLANG_WARN_STRICT_PROTOTYPES = YES;
				CLANG_WARN_SUSPICIOUS_MOVE = YES;
				CLANG_WARN_UNGUARDED_AVAILABILITY = YES_AGGRESSIVE;
				CLANG_WARN_UNREACHABLE_CODE = YES;
				CLANG_WARN__DUPLICATE_METHOD_MATCH = YES;
				CODE_SIGN_IDENTITY = "Mac Developer";
				CODE_SIGN_STYLE = Automatic;
				COMBINE_HIDPI_IMAGES = YES;
				COPY_PHASE_STRIP = NO;
				DEBUG_INFORMATION_FORMAT = "dwarf-with-dsym";
				DEVELOPMENT_TEAM = AMD8W895CT;
				ENABLE_NS_ASSERTIONS = NO;
				ENABLE_STRICT_OBJC_MSGSEND = YES;
				GCC_C_LANGUAGE_STANDARD = gnu11;
				GCC_NO_COMMON_BLOCKS = YES;
				GCC_WARN_64_TO_32_BIT_CONVERSION = YES;
				GCC_WARN_ABOUT_RETURN_TYPE = YES_ERROR;
				GCC_WARN_UNDECLARED_SELECTOR = YES;
				GCC_WARN_UNINITIALIZED_AUTOS = YES_AGGRESSIVE;
				GCC_WARN_UNUSED_FUNCTION = YES;
				GCC_WARN_UNUSED_VARIABLE = YES;
				INFOPLIST_FILE = Tests/Info.plist;
				LD_RUNPATH_SEARCH_PATHS = "$(inherited) @executable_path/../Frameworks @loader_path/../Frameworks";
				MACOSX_DEPLOYMENT_TARGET = 10.12;
				MTL_ENABLE_DEBUG_INFO = NO;
				PRODUCT_BUNDLE_IDENTIFIER = com.github.groue.GRDBObjcTests;
				PRODUCT_NAME = "$(TARGET_NAME)";
				SDKROOT = macosx;
				SWIFT_OBJC_BRIDGING_HEADER = "Tests/GRDBObjcTests-Bridging-Header.h";
			};
			name = Release;
		};
/* End XCBuildConfiguration section */

/* Begin XCConfigurationList section */
		5687EB9E1F5D6B2700B4882E /* Build configuration list for PBXNativeTarget "GRDBObjcCoreMacOS" */ = {
			isa = XCConfigurationList;
			buildConfigurations = (
				5687EB9F1F5D6B2700B4882E /* Debug */,
				5687EBA01F5D6B2700B4882E /* Release */,
			);
			defaultConfigurationIsVisible = 0;
			defaultConfigurationName = Release;
		};
		56F459F01F55359400656C1E /* Build configuration list for PBXProject "GRDBObjc" */ = {
			isa = XCConfigurationList;
			buildConfigurations = (
				56F459F11F55359400656C1E /* Debug */,
				56F459F21F55359400656C1E /* Release */,
			);
			defaultConfigurationIsVisible = 0;
			defaultConfigurationName = Release;
		};
		56F45A0A1F55366F00656C1E /* Build configuration list for PBXNativeTarget "GRDBObjcMacOS" */ = {
			isa = XCConfigurationList;
			buildConfigurations = (
				56F45A0B1F55366F00656C1E /* Debug */,
				56F45A0C1F55366F00656C1E /* Release */,
			);
			defaultConfigurationIsVisible = 0;
			defaultConfigurationName = Release;
		};
		56F45A0D1F55366F00656C1E /* Build configuration list for PBXNativeTarget "GRDBObjcMacOSTests" */ = {
			isa = XCConfigurationList;
			buildConfigurations = (
				56F45A0E1F55366F00656C1E /* Debug */,
				56F45A0F1F55366F00656C1E /* Release */,
			);
			defaultConfigurationIsVisible = 0;
			defaultConfigurationName = Release;
		};
/* End XCConfigurationList section */
	};
	rootObject = 56F459ED1F55359400656C1E /* Project object */;
}
