// !$*UTF8*$!
{
	archiveVersion = 1;
	classes = {
	};
	objectVersion = 48;
	objects = {

/* Begin PBXBuildFile section */
		376CC56F1CA2B93E8C73E475 /* Pods_TestApp.framework in Frameworks */ = {isa = PBXBuildFile; fileRef = 230F2A4DD9070BCFE5D2A7C6 /* Pods_TestApp.framework */; };
		56EB15F21F5AC47900F43F2C /* AppDelegate.m in Sources */ = {isa = PBXBuildFile; fileRef = 56EB15F11F5AC47900F43F2C /* AppDelegate.m */; };
		56EB15F81F5AC47900F43F2C /* Main.storyboard in Resources */ = {isa = PBXBuildFile; fileRef = 56EB15F61F5AC47900F43F2C /* Main.storyboard */; };
		56EB15FA1F5AC47900F43F2C /* Assets.xcassets in Resources */ = {isa = PBXBuildFile; fileRef = 56EB15F91F5AC47900F43F2C /* Assets.xcassets */; };
		56EB15FD1F5AC47900F43F2C /* LaunchScreen.storyboard in Resources */ = {isa = PBXBuildFile; fileRef = 56EB15FB1F5AC47900F43F2C /* LaunchScreen.storyboard */; };
		56EB16001F5AC47900F43F2C /* main.m in Sources */ = {isa = PBXBuildFile; fileRef = 56EB15FF1F5AC47900F43F2C /* main.m */; };
		56EB16081F5AC99D00F43F2C /* ViewController.swift in Sources */ = {isa = PBXBuildFile; fileRef = 56EB16071F5AC99D00F43F2C /* ViewController.swift */; };
		56EB160B1F5AC9CF00F43F2C /* DataStore.m in Sources */ = {isa = PBXBuildFile; fileRef = 56EB160A1F5AC9CF00F43F2C /* DataStore.m */; };
		56EB160D1F5ACC0000F43F2C /* DataStore.swift in Sources */ = {isa = PBXBuildFile; fileRef = 56EB160C1F5ACC0000F43F2C /* DataStore.swift */; };
/* End PBXBuildFile section */

/* Begin PBXFileReference section */
		230F2A4DD9070BCFE5D2A7C6 /* Pods_TestApp.framework */ = {isa = PBXFileReference; explicitFileType = wrapper.framework; includeInIndex = 0; path = Pods_TestApp.framework; sourceTree = BUILT_PRODUCTS_DIR; };
		56EB15ED1F5AC47900F43F2C /* TestApp.app */ = {isa = PBXFileReference; explicitFileType = wrapper.application; includeInIndex = 0; path = TestApp.app; sourceTree = BUILT_PRODUCTS_DIR; };
		56EB15F01F5AC47900F43F2C /* AppDelegate.h */ = {isa = PBXFileReference; lastKnownFileType = sourcecode.c.h; path = AppDelegate.h; sourceTree = "<group>"; };
		56EB15F11F5AC47900F43F2C /* AppDelegate.m */ = {isa = PBXFileReference; lastKnownFileType = sourcecode.c.objc; path = AppDelegate.m; sourceTree = "<group>"; };
		56EB15F71F5AC47900F43F2C /* Base */ = {isa = PBXFileReference; lastKnownFileType = file.storyboard; name = Base; path = Base.lproj/Main.storyboard; sourceTree = "<group>"; };
		56EB15F91F5AC47900F43F2C /* Assets.xcassets */ = {isa = PBXFileReference; lastKnownFileType = folder.assetcatalog; path = Assets.xcassets; sourceTree = "<group>"; };
		56EB15FC1F5AC47900F43F2C /* Base */ = {isa = PBXFileReference; lastKnownFileType = file.storyboard; name = Base; path = Base.lproj/LaunchScreen.storyboard; sourceTree = "<group>"; };
		56EB15FE1F5AC47900F43F2C /* Info.plist */ = {isa = PBXFileReference; lastKnownFileType = text.plist.xml; path = Info.plist; sourceTree = "<group>"; };
		56EB15FF1F5AC47900F43F2C /* main.m */ = {isa = PBXFileReference; lastKnownFileType = sourcecode.c.objc; path = main.m; sourceTree = "<group>"; };
		56EB16061F5AC99C00F43F2C /* TestApp-Bridging-Header.h */ = {isa = PBXFileReference; lastKnownFileType = sourcecode.c.h; path = "TestApp-Bridging-Header.h"; sourceTree = "<group>"; };
		56EB16071F5AC99D00F43F2C /* ViewController.swift */ = {isa = PBXFileReference; lastKnownFileType = sourcecode.swift; path = ViewController.swift; sourceTree = "<group>"; };
		56EB16091F5AC9CF00F43F2C /* DataStore.h */ = {isa = PBXFileReference; lastKnownFileType = sourcecode.c.h; path = DataStore.h; sourceTree = "<group>"; };
		56EB160A1F5AC9CF00F43F2C /* DataStore.m */ = {isa = PBXFileReference; lastKnownFileType = sourcecode.c.objc; path = DataStore.m; sourceTree = "<group>"; };
		56EB160C1F5ACC0000F43F2C /* DataStore.swift */ = {isa = PBXFileReference; lastKnownFileType = sourcecode.swift; path = DataStore.swift; sourceTree = "<group>"; };
		CFF1F21AD3C83089784B1B95 /* Pods-TestApp.release.xcconfig */ = {isa = PBXFileReference; includeInIndex = 1; lastKnownFileType = text.xcconfig; name = "Pods-TestApp.release.xcconfig"; path = "Pods/Target Support Files/Pods-TestApp/Pods-TestApp.release.xcconfig"; sourceTree = "<group>"; };
		F3AE456FEA47E0D985015855 /* Pods-TestApp.debug.xcconfig */ = {isa = PBXFileReference; includeInIndex = 1; lastKnownFileType = text.xcconfig; name = "Pods-TestApp.debug.xcconfig"; path = "Pods/Target Support Files/Pods-TestApp/Pods-TestApp.debug.xcconfig"; sourceTree = "<group>"; };
/* End PBXFileReference section */

/* Begin PBXFrameworksBuildPhase section */
		56EB15EA1F5AC47900F43F2C /* Frameworks */ = {
			isa = PBXFrameworksBuildPhase;
			buildActionMask = 2147483647;
			files = (
				376CC56F1CA2B93E8C73E475 /* Pods_TestApp.framework in Frameworks */,
			);
			runOnlyForDeploymentPostprocessing = 0;
		};
/* End PBXFrameworksBuildPhase section */

/* Begin PBXGroup section */
		3094684F51DC001D426B73CD /* Pods */ = {
			isa = PBXGroup;
			children = (
				F3AE456FEA47E0D985015855 /* Pods-TestApp.debug.xcconfig */,
				CFF1F21AD3C83089784B1B95 /* Pods-TestApp.release.xcconfig */,
			);
			name = Pods;
			sourceTree = "<group>";
		};
		56EB15E41F5AC47900F43F2C = {
			isa = PBXGroup;
			children = (
				56EB15EF1F5AC47900F43F2C /* TestApp */,
				56EB15EE1F5AC47900F43F2C /* Products */,
				3094684F51DC001D426B73CD /* Pods */,
				FF0B24E45E0BB3058B5BA71D /* Frameworks */,
			);
			sourceTree = "<group>";
		};
		56EB15EE1F5AC47900F43F2C /* Products */ = {
			isa = PBXGroup;
			children = (
				56EB15ED1F5AC47900F43F2C /* TestApp.app */,
			);
			name = Products;
			sourceTree = "<group>";
		};
		56EB15EF1F5AC47900F43F2C /* TestApp */ = {
			isa = PBXGroup;
			children = (
				56EB15F01F5AC47900F43F2C /* AppDelegate.h */,
				56EB15F11F5AC47900F43F2C /* AppDelegate.m */,
				56EB16091F5AC9CF00F43F2C /* DataStore.h */,
				56EB160A1F5AC9CF00F43F2C /* DataStore.m */,
				56EB160C1F5ACC0000F43F2C /* DataStore.swift */,
				56EB16071F5AC99D00F43F2C /* ViewController.swift */,
				56EB16061F5AC99C00F43F2C /* TestApp-Bridging-Header.h */,
				56EB15F61F5AC47900F43F2C /* Main.storyboard */,
				56EB15F91F5AC47900F43F2C /* Assets.xcassets */,
				56EB15FB1F5AC47900F43F2C /* LaunchScreen.storyboard */,
				56EB15FE1F5AC47900F43F2C /* Info.plist */,
				56EB15FF1F5AC47900F43F2C /* main.m */,
			);
			path = TestApp;
			sourceTree = "<group>";
		};
		FF0B24E45E0BB3058B5BA71D /* Frameworks */ = {
			isa = PBXGroup;
			children = (
				230F2A4DD9070BCFE5D2A7C6 /* Pods_TestApp.framework */,
			);
			name = Frameworks;
			sourceTree = "<group>";
		};
/* End PBXGroup section */

/* Begin PBXNativeTarget section */
		56EB15EC1F5AC47900F43F2C /* TestApp */ = {
			isa = PBXNativeTarget;
			buildConfigurationList = 56EB16031F5AC47900F43F2C /* Build configuration list for PBXNativeTarget "TestApp" */;
			buildPhases = (
				3B695806736D5B239A9FCC90 /* [CP] Check Pods Manifest.lock */,
				56EB15E91F5AC47900F43F2C /* Sources */,
				56EB15EA1F5AC47900F43F2C /* Frameworks */,
				56EB15EB1F5AC47900F43F2C /* Resources */,
				E5164D219F88E9AE7E74D27A /* [CP] Embed Pods Frameworks */,
			);
			buildRules = (
			);
			dependencies = (
			);
			name = TestApp;
			productName = TestApp;
			productReference = 56EB15ED1F5AC47900F43F2C /* TestApp.app */;
			productType = "com.apple.product-type.application";
		};
/* End PBXNativeTarget section */

/* Begin PBXProject section */
		56EB15E51F5AC47900F43F2C /* Project object */ = {
			isa = PBXProject;
			attributes = {
				LastUpgradeCheck = 0900;
				ORGANIZATIONNAME = "Gwendal Roué";
				TargetAttributes = {
					56EB15EC1F5AC47900F43F2C = {
						CreatedOnToolsVersion = 9.0;
						LastSwiftMigration = 0900;
						ProvisioningStyle = Automatic;
					};
				};
			};
			buildConfigurationList = 56EB15E81F5AC47900F43F2C /* Build configuration list for PBXProject "TestApp" */;
			compatibilityVersion = "Xcode 8.0";
			developmentRegion = en;
			hasScannedForEncodings = 0;
			knownRegions = (
				en,
				Base,
			);
			mainGroup = 56EB15E41F5AC47900F43F2C;
			productRefGroup = 56EB15EE1F5AC47900F43F2C /* Products */;
			projectDirPath = "";
			projectRoot = "";
			targets = (
				56EB15EC1F5AC47900F43F2C /* TestApp */,
			);
		};
/* End PBXProject section */

/* Begin PBXResourcesBuildPhase section */
		56EB15EB1F5AC47900F43F2C /* Resources */ = {
			isa = PBXResourcesBuildPhase;
			buildActionMask = 2147483647;
			files = (
				56EB15FD1F5AC47900F43F2C /* LaunchScreen.storyboard in Resources */,
				56EB15FA1F5AC47900F43F2C /* Assets.xcassets in Resources */,
				56EB15F81F5AC47900F43F2C /* Main.storyboard in Resources */,
			);
			runOnlyForDeploymentPostprocessing = 0;
		};
/* End PBXResourcesBuildPhase section */

/* Begin PBXShellScriptBuildPhase section */
		3B695806736D5B239A9FCC90 /* [CP] Check Pods Manifest.lock */ = {
			isa = PBXShellScriptBuildPhase;
			buildActionMask = 2147483647;
			files = (
			);
			inputPaths = (
				"${PODS_PODFILE_DIR_PATH}/Podfile.lock",
				"${PODS_ROOT}/Manifest.lock",
			);
			name = "[CP] Check Pods Manifest.lock";
			outputPaths = (
				"$(DERIVED_FILE_DIR)/Pods-TestApp-checkManifestLockResult.txt",
			);
			runOnlyForDeploymentPostprocessing = 0;
			shellPath = /bin/sh;
			shellScript = "diff \"${PODS_PODFILE_DIR_PATH}/Podfile.lock\" \"${PODS_ROOT}/Manifest.lock\" > /dev/null\nif [ $? != 0 ] ; then\n    # print error to STDERR\n    echo \"error: The sandbox is not in sync with the Podfile.lock. Run 'pod install' or update your CocoaPods installation.\" >&2\n    exit 1\nfi\n# This output is used by Xcode 'outputs' to avoid re-running this script phase.\necho \"SUCCESS\" > \"${SCRIPT_OUTPUT_FILE_0}\"\n";
			showEnvVarsInLog = 0;
		};
		E5164D219F88E9AE7E74D27A /* [CP] Embed Pods Frameworks */ = {
			isa = PBXShellScriptBuildPhase;
			buildActionMask = 2147483647;
			files = (
			);
			inputPaths = (
				"${SRCROOT}/Pods/Target Support Files/Pods-TestApp/Pods-TestApp-frameworks.sh",
				"${BUILT_PRODUCTS_DIR}/GRDB.swift/GRDB.framework",
				"${BUILT_PRODUCTS_DIR}/GRDBObjc/GRDBObjc.framework",
				"${BUILT_PRODUCTS_DIR}/GRDBObjcCore/GRDBObjcCore.framework",
			);
			name = "[CP] Embed Pods Frameworks";
			outputPaths = (
				"${TARGET_BUILD_DIR}/${FRAMEWORKS_FOLDER_PATH}/GRDB.framework",
				"${TARGET_BUILD_DIR}/${FRAMEWORKS_FOLDER_PATH}/GRDBObjc.framework",
				"${TARGET_BUILD_DIR}/${FRAMEWORKS_FOLDER_PATH}/GRDBObjcCore.framework",
			);
			runOnlyForDeploymentPostprocessing = 0;
			shellPath = /bin/sh;
			shellScript = "\"${SRCROOT}/Pods/Target Support Files/Pods-TestApp/Pods-TestApp-frameworks.sh\"\n";
			showEnvVarsInLog = 0;
		};
/* End PBXShellScriptBuildPhase section */

/* Begin PBXSourcesBuildPhase section */
		56EB15E91F5AC47900F43F2C /* Sources */ = {
			isa = PBXSourcesBuildPhase;
			buildActionMask = 2147483647;
			files = (
				56EB16081F5AC99D00F43F2C /* ViewController.swift in Sources */,
				56EB16001F5AC47900F43F2C /* main.m in Sources */,
				56EB160B1F5AC9CF00F43F2C /* DataStore.m in Sources */,
				56EB160D1F5ACC0000F43F2C /* DataStore.swift in Sources */,
				56EB15F21F5AC47900F43F2C /* AppDelegate.m in Sources */,
			);
			runOnlyForDeploymentPostprocessing = 0;
		};
/* End PBXSourcesBuildPhase section */

/* Begin PBXVariantGroup section */
		56EB15F61F5AC47900F43F2C /* Main.storyboard */ = {
			isa = PBXVariantGroup;
			children = (
				56EB15F71F5AC47900F43F2C /* Base */,
			);
			name = Main.storyboard;
			sourceTree = "<group>";
		};
		56EB15FB1F5AC47900F43F2C /* LaunchScreen.storyboard */ = {
			isa = PBXVariantGroup;
			children = (
				56EB15FC1F5AC47900F43F2C /* Base */,
			);
			name = LaunchScreen.storyboard;
			sourceTree = "<group>";
		};
/* End PBXVariantGroup section */

/* Begin XCBuildConfiguration section */
		56EB16011F5AC47900F43F2C /* Debug */ = {
			isa = XCBuildConfiguration;
			buildSettings = {
				ALWAYS_SEARCH_USER_PATHS = NO;
				CLANG_ANALYZER_NONNULL = YES;
				CLANG_ANALYZER_NUMBER_OBJECT_CONVERSION = YES_AGGRESSIVE;
				CLANG_CXX_LANGUAGE_STANDARD = "gnu++14";
				CLANG_CXX_LIBRARY = "libc++";
				CLANG_ENABLE_MODULES = YES;
				CLANG_ENABLE_OBJC_ARC = YES;
				CLANG_WARN_BLOCK_CAPTURE_AUTORELEASING = YES;
				CLANG_WARN_BOOL_CONVERSION = YES;
				CLANG_WARN_COMMA = YES;
				CLANG_WARN_CONSTANT_CONVERSION = YES;
				CLANG_WARN_DIRECT_OBJC_ISA_USAGE = YES_ERROR;
				CLANG_WARN_DOCUMENTATION_COMMENTS = YES;
				CLANG_WARN_EMPTY_BODY = YES;
				CLANG_WARN_ENUM_CONVERSION = YES;
				CLANG_WARN_INFINITE_RECURSION = YES;
				CLANG_WARN_INT_CONVERSION = YES;
				CLANG_WARN_NON_LITERAL_NULL_CONVERSION = YES;
				CLANG_WARN_OBJC_LITERAL_CONVERSION = YES;
				CLANG_WARN_OBJC_ROOT_CLASS = YES_ERROR;
				CLANG_WARN_RANGE_LOOP_ANALYSIS = YES;
				CLANG_WARN_STRICT_PROTOTYPES = YES;
				CLANG_WARN_SUSPICIOUS_MOVE = YES;
				CLANG_WARN_UNGUARDED_AVAILABILITY = YES_AGGRESSIVE;
				CLANG_WARN_UNREACHABLE_CODE = YES;
				CLANG_WARN__DUPLICATE_METHOD_MATCH = YES;
				CODE_SIGN_IDENTITY = "iPhone Developer";
				COPY_PHASE_STRIP = NO;
				DEBUG_INFORMATION_FORMAT = dwarf;
				ENABLE_STRICT_OBJC_MSGSEND = YES;
				ENABLE_TESTABILITY = YES;
				GCC_C_LANGUAGE_STANDARD = gnu11;
				GCC_DYNAMIC_NO_PIC = NO;
				GCC_NO_COMMON_BLOCKS = YES;
				GCC_OPTIMIZATION_LEVEL = 0;
				GCC_PREPROCESSOR_DEFINITIONS = (
					"DEBUG=1",
					"$(inherited)",
				);
				GCC_WARN_64_TO_32_BIT_CONVERSION = YES;
				GCC_WARN_ABOUT_RETURN_TYPE = YES_ERROR;
				GCC_WARN_UNDECLARED_SELECTOR = YES;
				GCC_WARN_UNINITIALIZED_AUTOS = YES_AGGRESSIVE;
				GCC_WARN_UNUSED_FUNCTION = YES;
				GCC_WARN_UNUSED_VARIABLE = YES;
				IPHONEOS_DEPLOYMENT_TARGET = 11.0;
				MTL_ENABLE_DEBUG_INFO = YES;
				ONLY_ACTIVE_ARCH = YES;
				SDKROOT = iphoneos;
			};
			name = Debug;
		};
		56EB16021F5AC47900F43F2C /* Release */ = {
			isa = XCBuildConfiguration;
			buildSettings = {
				ALWAYS_SEARCH_USER_PATHS = NO;
				CLANG_ANALYZER_NONNULL = YES;
				CLANG_ANALYZER_NUMBER_OBJECT_CONVERSION = YES_AGGRESSIVE;
				CLANG_CXX_LANGUAGE_STANDARD = "gnu++14";
				CLANG_CXX_LIBRARY = "libc++";
				CLANG_ENABLE_MODULES = YES;
				CLANG_ENABLE_OBJC_ARC = YES;
				CLANG_WARN_BLOCK_CAPTURE_AUTORELEASING = YES;
				CLANG_WARN_BOOL_CONVERSION = YES;
				CLANG_WARN_COMMA = YES;
				CLANG_WARN_CONSTANT_CONVERSION = YES;
				CLANG_WARN_DIRECT_OBJC_ISA_USAGE = YES_ERROR;
				CLANG_WARN_DOCUMENTATION_COMMENTS = YES;
				CLANG_WARN_EMPTY_BODY = YES;
				CLANG_WARN_ENUM_CONVERSION = YES;
				CLANG_WARN_INFINITE_RECURSION = YES;
				CLANG_WARN_INT_CONVERSION = YES;
				CLANG_WARN_NON_LITERAL_NULL_CONVERSION = YES;
				CLANG_WARN_OBJC_LITERAL_CONVERSION = YES;
				CLANG_WARN_OBJC_ROOT_CLASS = YES_ERROR;
				CLANG_WARN_RANGE_LOOP_ANALYSIS = YES;
				CLANG_WARN_STRICT_PROTOTYPES = YES;
				CLANG_WARN_SUSPICIOUS_MOVE = YES;
				CLANG_WARN_UNGUARDED_AVAILABILITY = YES_AGGRESSIVE;
				CLANG_WARN_UNREACHABLE_CODE = YES;
				CLANG_WARN__DUPLICATE_METHOD_MATCH = YES;
				CODE_SIGN_IDENTITY = "iPhone Developer";
				COPY_PHASE_STRIP = NO;
				DEBUG_INFORMATION_FORMAT = "dwarf-with-dsym";
				ENABLE_NS_ASSERTIONS = NO;
				ENABLE_STRICT_OBJC_MSGSEND = YES;
				GCC_C_LANGUAGE_STANDARD = gnu11;
				GCC_NO_COMMON_BLOCKS = YES;
				GCC_WARN_64_TO_32_BIT_CONVERSION = YES;
				GCC_WARN_ABOUT_RETURN_TYPE = YES_ERROR;
				GCC_WARN_UNDECLARED_SELECTOR = YES;
				GCC_WARN_UNINITIALIZED_AUTOS = YES_AGGRESSIVE;
				GCC_WARN_UNUSED_FUNCTION = YES;
				GCC_WARN_UNUSED_VARIABLE = YES;
				IPHONEOS_DEPLOYMENT_TARGET = 11.0;
				MTL_ENABLE_DEBUG_INFO = NO;
				SDKROOT = iphoneos;
				VALIDATE_PRODUCT = YES;
			};
			name = Release;
		};
		56EB16041F5AC47900F43F2C /* Debug */ = {
			isa = XCBuildConfiguration;
			baseConfigurationReference = F3AE456FEA47E0D985015855 /* Pods-TestApp.debug.xcconfig */;
			buildSettings = {
				ASSETCATALOG_COMPILER_APPICON_NAME = AppIcon;
				CLANG_ENABLE_MODULES = YES;
				CODE_SIGN_STYLE = Automatic;
				DEVELOPMENT_TEAM = AMD8W895CT;
				INFOPLIST_FILE = TestApp/Info.plist;
				LD_RUNPATH_SEARCH_PATHS = "$(inherited) @executable_path/Frameworks";
				PRODUCT_BUNDLE_IDENTIFIER = com.github.groue.TestApp;
				PRODUCT_NAME = "$(TARGET_NAME)";
				SWIFT_OBJC_BRIDGING_HEADER = "TestApp/TestApp-Bridging-Header.h";
				SWIFT_OPTIMIZATION_LEVEL = "-Onone";
				SWIFT_VERSION = 4.0;
				TARGETED_DEVICE_FAMILY = "1,2";
			};
			name = Debug;
		};
		56EB16051F5AC47900F43F2C /* Release */ = {
			isa = XCBuildConfiguration;
			baseConfigurationReference = CFF1F21AD3C83089784B1B95 /* Pods-TestApp.release.xcconfig */;
			buildSettings = {
				ASSETCATALOG_COMPILER_APPICON_NAME = AppIcon;
				CLANG_ENABLE_MODULES = YES;
				CODE_SIGN_STYLE = Automatic;
				DEVELOPMENT_TEAM = AMD8W895CT;
				INFOPLIST_FILE = TestApp/Info.plist;
				LD_RUNPATH_SEARCH_PATHS = "$(inherited) @executable_path/Frameworks";
				PRODUCT_BUNDLE_IDENTIFIER = com.github.groue.TestApp;
				PRODUCT_NAME = "$(TARGET_NAME)";
				SWIFT_OBJC_BRIDGING_HEADER = "TestApp/TestApp-Bridging-Header.h";
				SWIFT_VERSION = 4.0;
				TARGETED_DEVICE_FAMILY = "1,2";
			};
			name = Release;
		};
/* End XCBuildConfiguration section */

/* Begin XCConfigurationList section */
		56EB15E81F5AC47900F43F2C /* Build configuration list for PBXProject "TestApp" */ = {
			isa = XCConfigurationList;
			buildConfigurations = (
				56EB16011F5AC47900F43F2C /* Debug */,
				56EB16021F5AC47900F43F2C /* Release */,
			);
			defaultConfigurationIsVisible = 0;
			defaultConfigurationName = Release;
		};
		56EB16031F5AC47900F43F2C /* Build configuration list for PBXNativeTarget "TestApp" */ = {
			isa = XCConfigurationList;
			buildConfigurations = (
				56EB16041F5AC47900F43F2C /* Debug */,
				56EB16051F5AC47900F43F2C /* Release */,
			);
			defaultConfigurationIsVisible = 0;
			defaultConfigurationName = Release;
		};
/* End XCConfigurationList section */
	};
	rootObject = 56EB15E51F5AC47900F43F2C /* Project object */;
}
